
Microsoft Visual Studio Solution File, Format Version 12.00
# Visual Studio Version 17
VisualStudioVersion = 17.5.002.0
MinimumVisualStudioVersion = 10.0.40219.1
Project("{9A19103F-16F7-4668-BE54-9A1E7A4F7556}") = "Equipe2_1", "Equipe2_1.csproj", "{F5DDEF98-E923-4248-9801-CF6BC04600E4}"
EndProject
Global
	GlobalSection(SolutionConfigurationPlatforms) = preSolution
		Debug|Any CPU = Debug|Any CPU
		Release|Any CPU = Release|Any CPU
	EndGlobalSection
	GlobalSection(ProjectConfigurationPlatforms) = postSolution
		{F5DDEF98-E923-4248-9801-CF6BC04600E4}.Debug|Any CPU.ActiveCfg = Debug|Any CPU
		{F5DDEF98-E923-4248-9801-CF6BC04600E4}.Debug|Any CPU.Build.0 = Debug|Any CPU
		{F5DDEF98-E923-4248-9801-CF6BC04600E4}.Release|Any CPU.ActiveCfg = Release|Any CPU
		{F5DDEF98-E923-4248-9801-CF6BC04600E4}.Release|Any CPU.Build.0 = Release|Any CPU
	EndGlobalSection
	GlobalSection(SolutionProperties) = preSolution
		HideSolutionNode = FALSE
	EndGlobalSection
	GlobalSection(ExtensibilityGlobals) = postSolution
		SolutionGuid = {CF811DA3-1DF2-433B-B395-433E86D8AC40}
	EndGlobalSection
EndGlobal
